
Microsoft Visual Studio Solution File, Format Version 12.00
# Visual Studio 15
VisualStudioVersion = 15.0.28307.421
MinimumVisualStudioVersion = 10.0.40219.1
Project("{FAE04EC0-301F-11D3-BF4B-00C04F79EFBC}") = "mongonetcore", "mongonetcore\mongonetcore.csproj", "{3DA29BDC-14A0-4808-8FF2-F7EC537BD319}"
EndProject
Global
	GlobalSection(SolutionConfigurationPlatforms) = preSolution
		Debug|Any CPU = Debug|Any CPU
		Release|Any CPU = Release|Any CPU
	EndGlobalSection
	GlobalSection(ProjectConfigurationPlatforms) = postSolution
		{3DA29BDC-14A0-4808-8FF2-F7EC537BD319}.Debug|Any CPU.ActiveCfg = Debug|Any CPU
		{3DA29BDC-14A0-4808-8FF2-F7EC537BD319}.Debug|Any CPU.Build.0 = Debug|Any CPU
		{3DA29BDC-14A0-4808-8FF2-F7EC537BD319}.Release|Any CPU.ActiveCfg = Release|Any CPU
		{3DA29BDC-14A0-4808-8FF2-F7EC537BD319}.Release|Any CPU.Build.0 = Release|Any CPU
	EndGlobalSection
	GlobalSection(SolutionProperties) = preSolution
		HideSolutionNode = FALSE
	EndGlobalSection
	GlobalSection(ExtensibilityGlobals) = postSolution
		SolutionGuid = {DDC89CD9-CA44-49E5-B2CB-06F461867003}
	EndGlobalSection
EndGlobal
